
Microsoft Visual Studio Solution File, Format Version 12.00
# Visual Studio Version 16
VisualStudioVersion = 16.0.30907.101
MinimumVisualStudioVersion = 10.0.40219.1
Project("{FAE04EC0-301F-11D3-BF4B-00C04F79EFBC}") = "TMS.Net07.Homework.DaysOfWeek", "TMS.Net07.Homework.DaysOfWeek\TMS.Net07.Homework.DaysOfWeek.csproj", "{A005C402-634C-4A69-B2D2-F8AC06F238D6}"
EndProject
Global
	GlobalSection(SolutionConfigurationPlatforms) = preSolution
		Debug|Any CPU = Debug|Any CPU
		Release|Any CPU = Release|Any CPU
	EndGlobalSection
	GlobalSection(ProjectConfigurationPlatforms) = postSolution
		{A005C402-634C-4A69-B2D2-F8AC06F238D6}.Debug|Any CPU.ActiveCfg = Debug|Any CPU
		{A005C402-634C-4A69-B2D2-F8AC06F238D6}.Debug|Any CPU.Build.0 = Debug|Any CPU
		{A005C402-634C-4A69-B2D2-F8AC06F238D6}.Release|Any CPU.ActiveCfg = Release|Any CPU
		{A005C402-634C-4A69-B2D2-F8AC06F238D6}.Release|Any CPU.Build.0 = Release|Any CPU
	EndGlobalSection
	GlobalSection(SolutionProperties) = preSolution
		HideSolutionNode = FALSE
	EndGlobalSection
	GlobalSection(ExtensibilityGlobals) = postSolution
		SolutionGuid = {80DA22C0-187C-4690-99C8-F083E87105FC}
	EndGlobalSection
EndGlobal
