
Microsoft Visual Studio Solution File, Format Version 12.00
# Visual Studio Version 16
VisualStudioVersion = 16.0.30907.101
MinimumVisualStudioVersion = 10.0.40219.1
Project("{FAE04EC0-301F-11D3-BF4B-00C04F79EFBC}") = "TMS.Net07.Homework.Geometric_Figures", "TMS.Net07.Homework.Geometric_Figures.csproj", "{16C04932-9161-431F-987C-108CF5194D13}"
EndProject
Global
	GlobalSection(SolutionConfigurationPlatforms) = preSolution
		Debug|Any CPU = Debug|Any CPU
		Release|Any CPU = Release|Any CPU
	EndGlobalSection
	GlobalSection(ProjectConfigurationPlatforms) = postSolution
		{16C04932-9161-431F-987C-108CF5194D13}.Debug|Any CPU.ActiveCfg = Debug|Any CPU
		{16C04932-9161-431F-987C-108CF5194D13}.Debug|Any CPU.Build.0 = Debug|Any CPU
		{16C04932-9161-431F-987C-108CF5194D13}.Release|Any CPU.ActiveCfg = Release|Any CPU
		{16C04932-9161-431F-987C-108CF5194D13}.Release|Any CPU.Build.0 = Release|Any CPU
	EndGlobalSection
	GlobalSection(SolutionProperties) = preSolution
		HideSolutionNode = FALSE
	EndGlobalSection
	GlobalSection(ExtensibilityGlobals) = postSolution
		SolutionGuid = {380A268A-1736-4B34-BB24-434D1BB460D9}
	EndGlobalSection
EndGlobal
